// !$*UTF8*$!
{
	archiveVersion = 1;
	classes = {
	};
	objectVersion = 56;
	objects = {

/* Begin PBXBuildFile section */
		010000000000000000000001 /* QuiltLogApp.swift in Sources */ = {isa = PBXBuildFile; fileRef = 010000000000000000000101 /* QuiltLogApp.swift */; };
		010000000000000000000002 /* Quilt.swift in Sources */ = {isa = PBXBuildFile; fileRef = 010000000000000000000102 /* Quilt.swift */; };
		010000000000000000000003 /* SQLiteDatabase.swift in Sources */ = {isa = PBXBuildFile; fileRef = 010000000000000000000103 /* SQLiteDatabase.swift */; };
		010000000000000000000004 /* QuiltStore.swift in Sources */ = {isa = PBXBuildFile; fileRef = 010000000000000000000104 /* QuiltStore.swift */; };
		010000000000000000000005 /* ContentView.swift in Sources */ = {isa = PBXBuildFile; fileRef = 010000000000000000000105 /* ContentView.swift */; };
		010000000000000000000006 /* QuiltDetailView.swift in Sources */ = {isa = PBXBuildFile; fileRef = 010000000000000000000106 /* QuiltDetailView.swift */; };
		010000000000000000000007 /* PDFExportService.swift in Sources */ = {isa = PBXBuildFile; fileRef = 010000000000000000000107 /* PDFExportService.swift */; };
		010000000000000000000008 /* PDFPlaceholderDocument.swift in Sources */ = {isa = PBXBuildFile; fileRef = 010000000000000000000108 /* PDFPlaceholderDocument.swift */; };
		010000000000000000000009 /* Assets.xcassets in Resources */ = {isa = PBXBuildFile; fileRef = 010000000000000000000109 /* Assets.xcassets */; };
		01000000000000000000000A /* libsqlite3.tbd in Frameworks */ = {isa = PBXBuildFile; fileRef = 01000000000000000000010A /* libsqlite3.tbd */; };
		01000000000000000000000B /* SQLitePlaceholderDocument.swift in Sources */ = {isa = PBXBuildFile; fileRef = 01000000000000000000010B /* SQLitePlaceholderDocument.swift */; };
		01000000000000000000000C /* PDFExportPreset.swift in Sources */ = {isa = PBXBuildFile; fileRef = 01000000000000000000010C /* PDFExportPreset.swift */; };
		01000000000000000000000D /* PDFExportSheet.swift in Sources */ = {isa = PBXBuildFile; fileRef = 01000000000000000000010D /* PDFExportSheet.swift */; };
		01000000000000000000000E /* UserPreferences.swift in Sources */ = {isa = PBXBuildFile; fileRef = 01000000000000000000010F /* UserPreferences.swift */; };
		01000000000000000000000F /* PreferencesView.swift in Sources */ = {isa = PBXBuildFile; fileRef = 010000000000000000000110 /* PreferencesView.swift */; };
		010000000000000000000010 /* QuiltRecord.swift in Sources */ = {isa = PBXBuildFile; fileRef = 010000000000000000000112 /* QuiltRecord.swift */; };
		010000000000000000000011 /* BackupModels.swift in Sources */ = {isa = PBXBuildFile; fileRef = 010000000000000000000113 /* BackupModels.swift */; };
		010000000000000000000012 /* MigrationProgressView.swift in Sources */ = {isa = PBXBuildFile; fileRef = 010000000000000000000114 /* MigrationProgressView.swift */; };
		010000000000000000000013 /* PlatformSupport.swift in Sources */ = {isa = PBXBuildFile; fileRef = 010000000000000000000115 /* PlatformSupport.swift */; };
		010000000000000000000014 /* SampleData in Resources */ = {isa = PBXBuildFile; fileRef = 010000000000000000000118 /* SampleData */; };
		010000000000000000000015 /* DiagnosticLog.swift in Sources */ = {isa = PBXBuildFile; fileRef = 010000000000000000000119 /* DiagnosticLog.swift */; };
		010000000000000000000016 /* CloudKitDiagnosticProbe.swift in Sources */ = {isa = PBXBuildFile; fileRef = 01000000000000000000011A /* CloudKitDiagnosticProbe.swift */; };
		010000000000000000000810 /* PDFExportPresetTests.swift in Sources */ = {isa = PBXBuildFile; fileRef = 010000000000000000000811 /* PDFExportPresetTests.swift */; };
		010000000000000000000822 /* UserPreferencesTests.swift in Sources */ = {isa = PBXBuildFile; fileRef = 010000000000000000000823 /* UserPreferencesTests.swift */; };
		010000000000000000000824 /* QuiltStoreMigrationTests.swift in Sources */ = {isa = PBXBuildFile; fileRef = 010000000000000000000825 /* QuiltStoreMigrationTests.swift */; };
		010000000000000000000826 /* BackupImportTests.swift in Sources */ = {isa = PBXBuildFile; fileRef = 010000000000000000000827 /* BackupImportTests.swift */; };
		010000000000000000000828 /* QuiltStoreSharedTests.swift in Sources */ = {isa = PBXBuildFile; fileRef = 010000000000000000000829 /* QuiltStoreSharedTests.swift */; };
/* End PBXBuildFile section */

/* Begin PBXContainerItemProxy section */
		010000000000000000000812 /* PBXContainerItemProxy */ = {
			isa = PBXContainerItemProxy;
			containerPortal = 010000000000000000000500 /* Project object */;
			proxyType = 1;
			remoteGlobalIDString = 010000000000000000000400;
			remoteInfo = QuiltLog;
		};
/* End PBXContainerItemProxy section */

/* Begin PBXFileReference section */
		010000000000000000000100 /* QuiltLog.app */ = {isa = PBXFileReference; explicitFileType = wrapper.application; includeInIndex = 0; path = QuiltLog.app; sourceTree = BUILT_PRODUCTS_DIR; };
		010000000000000000000111 /* QuiltLogTests.xctest */ = {isa = PBXFileReference; explicitFileType = wrapper.cfbundle; includeInIndex = 0; path = QuiltLogTests.xctest; sourceTree = BUILT_PRODUCTS_DIR; };
		010000000000000000000101 /* QuiltLogApp.swift */ = {isa = PBXFileReference; lastKnownFileType = sourcecode.swift; path = QuiltLogApp.swift; sourceTree = "<group>"; };
		010000000000000000000102 /* Quilt.swift */ = {isa = PBXFileReference; lastKnownFileType = sourcecode.swift; path = Quilt.swift; sourceTree = "<group>"; };
		010000000000000000000103 /* SQLiteDatabase.swift */ = {isa = PBXFileReference; lastKnownFileType = sourcecode.swift; path = SQLiteDatabase.swift; sourceTree = "<group>"; };
		010000000000000000000104 /* QuiltStore.swift */ = {isa = PBXFileReference; lastKnownFileType = sourcecode.swift; path = QuiltStore.swift; sourceTree = "<group>"; };
		010000000000000000000105 /* ContentView.swift */ = {isa = PBXFileReference; lastKnownFileType = sourcecode.swift; path = ContentView.swift; sourceTree = "<group>"; };
		010000000000000000000106 /* QuiltDetailView.swift */ = {isa = PBXFileReference; lastKnownFileType = sourcecode.swift; path = QuiltDetailView.swift; sourceTree = "<group>"; };
		010000000000000000000107 /* PDFExportService.swift */ = {isa = PBXFileReference; lastKnownFileType = sourcecode.swift; path = PDFExportService.swift; sourceTree = "<group>"; };
		010000000000000000000108 /* PDFPlaceholderDocument.swift */ = {isa = PBXFileReference; lastKnownFileType = sourcecode.swift; path = PDFPlaceholderDocument.swift; sourceTree = "<group>"; };
		010000000000000000000109 /* Assets.xcassets */ = {isa = PBXFileReference; lastKnownFileType = folder.assetcatalog; path = Assets.xcassets; sourceTree = "<group>"; };
		01000000000000000000010A /* libsqlite3.tbd */ = {isa = PBXFileReference; lastKnownFileType = "sourcecode.text-based-dylib-definition"; name = libsqlite3.tbd; path = usr/lib/libsqlite3.tbd; sourceTree = SDKROOT; };
		01000000000000000000010B /* SQLitePlaceholderDocument.swift */ = {isa = PBXFileReference; lastKnownFileType = sourcecode.swift; path = SQLitePlaceholderDocument.swift; sourceTree = "<group>"; };
		01000000000000000000010C /* PDFExportPreset.swift */ = {isa = PBXFileReference; lastKnownFileType = sourcecode.swift; path = PDFExportPreset.swift; sourceTree = "<group>"; };
		01000000000000000000010D /* PDFExportSheet.swift */ = {isa = PBXFileReference; lastKnownFileType = sourcecode.swift; path = PDFExportSheet.swift; sourceTree = "<group>"; };
		01000000000000000000010E /* QuiltLog.entitlements */ = {isa = PBXFileReference; lastKnownFileType = text.plist.entitlements; path = QuiltLog.entitlements; sourceTree = "<group>"; };
		01000000000000000000010F /* UserPreferences.swift */ = {isa = PBXFileReference; lastKnownFileType = sourcecode.swift; path = UserPreferences.swift; sourceTree = "<group>"; };
		010000000000000000000110 /* PreferencesView.swift */ = {isa = PBXFileReference; lastKnownFileType = sourcecode.swift; path = PreferencesView.swift; sourceTree = "<group>"; };
		010000000000000000000112 /* QuiltRecord.swift */ = {isa = PBXFileReference; lastKnownFileType = sourcecode.swift; path = QuiltRecord.swift; sourceTree = "<group>"; };
		010000000000000000000113 /* BackupModels.swift */ = {isa = PBXFileReference; lastKnownFileType = sourcecode.swift; path = BackupModels.swift; sourceTree = "<group>"; };
		010000000000000000000114 /* MigrationProgressView.swift */ = {isa = PBXFileReference; lastKnownFileType = sourcecode.swift; path = MigrationProgressView.swift; sourceTree = "<group>"; };
		010000000000000000000115 /* PlatformSupport.swift */ = {isa = PBXFileReference; lastKnownFileType = sourcecode.swift; path = PlatformSupport.swift; sourceTree = "<group>"; };
		010000000000000000000116 /* QuiltLog-iOS.entitlements */ = {isa = PBXFileReference; lastKnownFileType = text.plist.entitlements; path = "QuiltLog-iOS.entitlements"; sourceTree = "<group>"; };
		010000000000000000000117 /* QuiltLog-iOS-Info.plist */ = {isa = PBXFileReference; lastKnownFileType = text.plist.xml; path = "QuiltLog-iOS-Info.plist"; sourceTree = "<group>"; };
		010000000000000000000118 /* SampleData */ = {isa = PBXFileReference; lastKnownFileType = folder; path = SampleData; sourceTree = "<group>"; };
		010000000000000000000119 /* DiagnosticLog.swift */ = {isa = PBXFileReference; lastKnownFileType = sourcecode.swift; path = DiagnosticLog.swift; sourceTree = "<group>"; };
		01000000000000000000011A /* CloudKitDiagnosticProbe.swift */ = {isa = PBXFileReference; lastKnownFileType = sourcecode.swift; path = CloudKitDiagnosticProbe.swift; sourceTree = "<group>"; };
		010000000000000000000811 /* PDFExportPresetTests.swift */ = {isa = PBXFileReference; lastKnownFileType = sourcecode.swift; path = PDFExportPresetTests.swift; sourceTree = "<group>"; };
		010000000000000000000823 /* UserPreferencesTests.swift */ = {isa = PBXFileReference; lastKnownFileType = sourcecode.swift; path = UserPreferencesTests.swift; sourceTree = "<group>"; };
		010000000000000000000825 /* QuiltStoreMigrationTests.swift */ = {isa = PBXFileReference; lastKnownFileType = sourcecode.swift; path = QuiltStoreMigrationTests.swift; sourceTree = "<group>"; };
		010000000000000000000827 /* BackupImportTests.swift */ = {isa = PBXFileReference; lastKnownFileType = sourcecode.swift; path = BackupImportTests.swift; sourceTree = "<group>"; };
		010000000000000000000829 /* QuiltStoreSharedTests.swift */ = {isa = PBXFileReference; lastKnownFileType = sourcecode.swift; path = QuiltStoreSharedTests.swift; sourceTree = "<group>"; };
/* End PBXFileReference section */

/* Begin PBXFrameworksBuildPhase section */
		010000000000000000000201 /* Frameworks */ = {
			isa = PBXFrameworksBuildPhase;
			buildActionMask = 2147483647;
			files = (
				01000000000000000000000A /* libsqlite3.tbd in Frameworks */,
			);
			runOnlyForDeploymentPostprocessing = 0;
		};
		010000000000000000000813 /* Frameworks */ = {
			isa = PBXFrameworksBuildPhase;
			buildActionMask = 2147483647;
			files = (
			);
			runOnlyForDeploymentPostprocessing = 0;
		};
/* End PBXFrameworksBuildPhase section */

/* Begin PBXGroup section */
		010000000000000000000300 = {
			isa = PBXGroup;
			children = (
				010000000000000000000301 /* QuiltLog */,
				010000000000000000000814 /* QuiltLogTests */,
				010000000000000000000302 /* Frameworks */,
				010000000000000000000303 /* Products */,
			);
			sourceTree = "<group>";
		};
		010000000000000000000301 /* QuiltLog */ = {
			isa = PBXGroup;
			children = (
				010000000000000000000101 /* QuiltLogApp.swift */,
				010000000000000000000115 /* PlatformSupport.swift */,
				010000000000000000000119 /* DiagnosticLog.swift */,
				01000000000000000000011A /* CloudKitDiagnosticProbe.swift */,
				010000000000000000000109 /* Assets.xcassets */,
				010000000000000000000118 /* SampleData */,
				01000000000000000000010E /* QuiltLog.entitlements */,
				010000000000000000000116 /* QuiltLog-iOS.entitlements */,
				010000000000000000000117 /* QuiltLog-iOS-Info.plist */,
				010000000000000000000304 /* Models */,
				010000000000000000000305 /* Data */,
				010000000000000000000306 /* Services */,
				010000000000000000000307 /* Views */,
			);
			path = QuiltLog;
			sourceTree = "<group>";
		};
		010000000000000000000302 /* Frameworks */ = {
			isa = PBXGroup;
			children = (
				01000000000000000000010A /* libsqlite3.tbd */,
			);
			name = Frameworks;
			sourceTree = "<group>";
		};
		010000000000000000000303 /* Products */ = {
			isa = PBXGroup;
			children = (
				010000000000000000000100 /* QuiltLog.app */,
				010000000000000000000111 /* QuiltLogTests.xctest */,
			);
			name = Products;
			sourceTree = "<group>";
		};
		010000000000000000000304 /* Models */ = {
			isa = PBXGroup;
			children = (
				010000000000000000000102 /* Quilt.swift */,
				010000000000000000000112 /* QuiltRecord.swift */,
				01000000000000000000010C /* PDFExportPreset.swift */,
				01000000000000000000010F /* UserPreferences.swift */,
				010000000000000000000113 /* BackupModels.swift */,
			);
			path = Models;
			sourceTree = "<group>";
		};
		010000000000000000000305 /* Data */ = {
			isa = PBXGroup;
			children = (
				010000000000000000000103 /* SQLiteDatabase.swift */,
				010000000000000000000104 /* QuiltStore.swift */,
			);
			path = Data;
			sourceTree = "<group>";
		};
		010000000000000000000306 /* Services */ = {
			isa = PBXGroup;
			children = (
				010000000000000000000107 /* PDFExportService.swift */,
				010000000000000000000108 /* PDFPlaceholderDocument.swift */,
				01000000000000000000010B /* SQLitePlaceholderDocument.swift */,
			);
			path = Services;
			sourceTree = "<group>";
		};
		010000000000000000000307 /* Views */ = {
			isa = PBXGroup;
			children = (
				010000000000000000000105 /* ContentView.swift */,
				010000000000000000000106 /* QuiltDetailView.swift */,
				01000000000000000000010D /* PDFExportSheet.swift */,
				010000000000000000000110 /* PreferencesView.swift */,
				010000000000000000000114 /* MigrationProgressView.swift */,
			);
			path = Views;
			sourceTree = "<group>";
		};
		010000000000000000000814 /* QuiltLogTests */ = {
			isa = PBXGroup;
			children = (
				010000000000000000000811 /* PDFExportPresetTests.swift */,
				010000000000000000000823 /* UserPreferencesTests.swift */,
				010000000000000000000829 /* QuiltStoreSharedTests.swift */,
				010000000000000000000825 /* QuiltStoreMigrationTests.swift */,
				010000000000000000000827 /* BackupImportTests.swift */,
			);
			path = QuiltLogTests;
			sourceTree = "<group>";
		};
/* End PBXGroup section */

/* Begin PBXNativeTarget section */
		010000000000000000000400 /* QuiltLog */ = {
			isa = PBXNativeTarget;
			buildConfigurationList = 010000000000000000000600 /* Build configuration list for PBXNativeTarget "QuiltLog" */;
			buildPhases = (
				010000000000000000000401 /* Sources */,
				010000000000000000000201 /* Frameworks */,
				010000000000000000000402 /* Resources */,
			);
			buildRules = (
			);
			dependencies = (
			);
			name = QuiltLog;
			productName = QuiltLog;
			productReference = 010000000000000000000100 /* QuiltLog.app */;
			productType = "com.apple.product-type.application";
		};
		010000000000000000000815 /* QuiltLogTests */ = {
			isa = PBXNativeTarget;
			buildConfigurationList = 010000000000000000000816 /* Build configuration list for PBXNativeTarget "QuiltLogTests" */;
			buildPhases = (
				010000000000000000000817 /* Sources */,
				010000000000000000000813 /* Frameworks */,
				010000000000000000000818 /* Resources */,
			);
			buildRules = (
			);
			dependencies = (
				010000000000000000000819 /* PBXTargetDependency */,
			);
			name = QuiltLogTests;
			productName = QuiltLogTests;
			productReference = 010000000000000000000111 /* QuiltLogTests.xctest */;
			productType = "com.apple.product-type.bundle.unit-test";
		};
/* End PBXNativeTarget section */

/* Begin PBXProject section */
		010000000000000000000500 /* Project object */ = {
			isa = PBXProject;
			attributes = {
				BuildIndependentTargetsInParallel = 1;
				LastSwiftUpdateCheck = 2650;
				LastUpgradeCheck = 2650;
				TargetAttributes = {
					010000000000000000000400 = {
						CreatedOnToolsVersion = 26.5;
						SystemCapabilities = {
							com.apple.BackgroundModes = {
								enabled = 1;
							};
							com.apple.CloudKit = {
								enabled = 1;
							};
							com.apple.iCloud = {
								enabled = 1;
							};
						};
					};
					010000000000000000000815 = {
						CreatedOnToolsVersion = 26.5;
						TestTargetID = 010000000000000000000400;
					};
				};
			};
			buildConfigurationList = 010000000000000000000501 /* Build configuration list for PBXProject "QuiltLog" */;
			compatibilityVersion = "Xcode 14.0";
			developmentRegion = en;
			hasScannedForEncodings = 0;
			knownRegions = (
				en,
				Base,
			);
			mainGroup = 010000000000000000000300;
			productRefGroup = 010000000000000000000303 /* Products */;
			projectDirPath = "";
			projectRoot = "";
			targets = (
				010000000000000000000400 /* QuiltLog */,
				010000000000000000000815 /* QuiltLogTests */,
			);
		};
/* End PBXProject section */

/* Begin PBXResourcesBuildPhase section */
		010000000000000000000402 /* Resources */ = {
			isa = PBXResourcesBuildPhase;
			buildActionMask = 2147483647;
			files = (
				010000000000000000000009 /* Assets.xcassets in Resources */,
				010000000000000000000014 /* SampleData in Resources */,
			);
			runOnlyForDeploymentPostprocessing = 0;
		};
		010000000000000000000818 /* Resources */ = {
			isa = PBXResourcesBuildPhase;
			buildActionMask = 2147483647;
			files = (
			);
			runOnlyForDeploymentPostprocessing = 0;
		};
/* End PBXResourcesBuildPhase section */

/* Begin PBXSourcesBuildPhase section */
		010000000000000000000401 /* Sources */ = {
			isa = PBXSourcesBuildPhase;
			buildActionMask = 2147483647;
			files = (
				010000000000000000000001 /* QuiltLogApp.swift in Sources */,
				010000000000000000000002 /* Quilt.swift in Sources */,
				010000000000000000000003 /* SQLiteDatabase.swift in Sources */,
				010000000000000000000004 /* QuiltStore.swift in Sources */,
				010000000000000000000005 /* ContentView.swift in Sources */,
				010000000000000000000006 /* QuiltDetailView.swift in Sources */,
				010000000000000000000007 /* PDFExportService.swift in Sources */,
				010000000000000000000008 /* PDFPlaceholderDocument.swift in Sources */,
				01000000000000000000000B /* SQLitePlaceholderDocument.swift in Sources */,
				01000000000000000000000C /* PDFExportPreset.swift in Sources */,
				01000000000000000000000D /* PDFExportSheet.swift in Sources */,
				01000000000000000000000E /* UserPreferences.swift in Sources */,
				01000000000000000000000F /* PreferencesView.swift in Sources */,
				010000000000000000000010 /* QuiltRecord.swift in Sources */,
				010000000000000000000011 /* BackupModels.swift in Sources */,
				010000000000000000000012 /* MigrationProgressView.swift in Sources */,
				010000000000000000000013 /* PlatformSupport.swift in Sources */,
				010000000000000000000015 /* DiagnosticLog.swift in Sources */,
				010000000000000000000016 /* CloudKitDiagnosticProbe.swift in Sources */,
			);
			runOnlyForDeploymentPostprocessing = 0;
		};
		010000000000000000000817 /* Sources */ = {
			isa = PBXSourcesBuildPhase;
			buildActionMask = 2147483647;
			files = (
				010000000000000000000810 /* PDFExportPresetTests.swift in Sources */,
				010000000000000000000822 /* UserPreferencesTests.swift in Sources */,
				010000000000000000000828 /* QuiltStoreSharedTests.swift in Sources */,
				010000000000000000000824 /* QuiltStoreMigrationTests.swift in Sources */,
				010000000000000000000826 /* BackupImportTests.swift in Sources */,
			);
			runOnlyForDeploymentPostprocessing = 0;
		};
/* End PBXSourcesBuildPhase section */

/* Begin PBXTargetDependency section */
		010000000000000000000819 /* PBXTargetDependency */ = {
			isa = PBXTargetDependency;
			target = 010000000000000000000400 /* QuiltLog */;
			targetProxy = 010000000000000000000812 /* PBXContainerItemProxy */;
		};
/* End PBXTargetDependency section */

/* Begin XCBuildConfiguration section */
		010000000000000000000700 /* Debug */ = {
			isa = XCBuildConfiguration;
			buildSettings = {
				ALWAYS_SEARCH_USER_PATHS = NO;
				CLANG_ANALYZER_NONNULL = YES;
				CLANG_ANALYZER_NUMBER_OBJECT_CONVERSION = YES_AGGRESSIVE;
				CLANG_CXX_LANGUAGE_STANDARD = "gnu++20";
				CLANG_ENABLE_MODULES = YES;
				CLANG_ENABLE_OBJC_ARC = YES;
				CLANG_WARN_BLOCK_CAPTURE_AUTORELEASING = YES;
				CLANG_WARN_BOOL_CONVERSION = YES;
				CLANG_WARN_COMMA = YES;
				CLANG_WARN_CONSTANT_CONVERSION = YES;
				CLANG_WARN_DEPRECATED_OBJC_IMPLEMENTATIONS = YES;
				CLANG_WARN_DIRECT_OBJC_ISA_USAGE = YES_ERROR;
				CLANG_WARN_DOCUMENTATION_COMMENTS = YES;
				CLANG_WARN_EMPTY_BODY = YES;
				CLANG_WARN_ENUM_CONVERSION = YES;
				CLANG_WARN_INFINITE_RECURSION = YES;
				CLANG_WARN_INT_CONVERSION = YES;
				CLANG_WARN_NON_LITERAL_NULL_CONVERSION = YES;
				CLANG_WARN_OBJC_IMPLICIT_RETAIN_SELF = YES;
				CLANG_WARN_OBJC_LITERAL_CONVERSION = YES;
				CLANG_WARN_OBJC_ROOT_CLASS = YES_ERROR;
				CLANG_WARN_QUOTED_INCLUDE_IN_FRAMEWORK_HEADER = YES;
				CLANG_WARN_RANGE_LOOP_ANALYSIS = YES;
				CLANG_WARN_STRICT_PROTOTYPES = YES;
				CLANG_WARN_SUSPICIOUS_MOVE = YES;
				CODE_SIGN_STYLE = Automatic;
				COPY_PHASE_STRIP = NO;
				DEBUG_INFORMATION_FORMAT = dwarf;
				ENABLE_STRICT_OBJC_MSGSEND = YES;
				ENABLE_TESTABILITY = YES;
				GCC_C_LANGUAGE_STANDARD = gnu17;
				GCC_DYNAMIC_NO_PIC = NO;
				GCC_NO_COMMON_BLOCKS = YES;
				GCC_OPTIMIZATION_LEVEL = 0;
				GCC_PREPROCESSOR_DEFINITIONS = (
					"DEBUG=1",
					"$(inherited)",
				);
				GCC_WARN_64_TO_32_BIT_CONVERSION = YES;
				GCC_WARN_ABOUT_RETURN_TYPE = YES_ERROR;
				GCC_WARN_UNDECLARED_SELECTOR = YES;
				GCC_WARN_UNINITIALIZED_AUTOS = YES_AGGRESSIVE;
				GCC_WARN_UNUSED_FUNCTION = YES;
				GCC_WARN_UNUSED_VARIABLE = YES;
				MACOSX_DEPLOYMENT_TARGET = 14.0;
				IPHONEOS_DEPLOYMENT_TARGET = 17.0;
				MTL_ENABLE_DEBUG_INFO = INCLUDE_SOURCE;
				MTL_FAST_MATH = YES;
				ONLY_ACTIVE_ARCH = YES;
				SDKROOT = auto;
				SWIFT_ACTIVE_COMPILATION_CONDITIONS = DEBUG;
				SWIFT_OPTIMIZATION_LEVEL = "-Onone";
			};
			name = Debug;
		};
		010000000000000000000701 /* Release */ = {
			isa = XCBuildConfiguration;
			buildSettings = {
				ALWAYS_SEARCH_USER_PATHS = NO;
				CLANG_ANALYZER_NONNULL = YES;
				CLANG_ANALYZER_NUMBER_OBJECT_CONVERSION = YES_AGGRESSIVE;
				CLANG_CXX_LANGUAGE_STANDARD = "gnu++20";
				CLANG_ENABLE_MODULES = YES;
				CLANG_ENABLE_OBJC_ARC = YES;
				CLANG_WARN_BLOCK_CAPTURE_AUTORELEASING = YES;
				CLANG_WARN_BOOL_CONVERSION = YES;
				CLANG_WARN_COMMA = YES;
				CLANG_WARN_CONSTANT_CONVERSION = YES;
				CLANG_WARN_DEPRECATED_OBJC_IMPLEMENTATIONS = YES;
				CLANG_WARN_DIRECT_OBJC_ISA_USAGE = YES_ERROR;
				CLANG_WARN_DOCUMENTATION_COMMENTS = YES;
				CLANG_WARN_EMPTY_BODY = YES;
				CLANG_WARN_ENUM_CONVERSION = YES;
				CLANG_WARN_INFINITE_RECURSION = YES;
				CLANG_WARN_INT_CONVERSION = YES;
				CLANG_WARN_NON_LITERAL_NULL_CONVERSION = YES;
				CLANG_WARN_OBJC_IMPLICIT_RETAIN_SELF = YES;
				CLANG_WARN_OBJC_LITERAL_CONVERSION = YES;
				CLANG_WARN_OBJC_ROOT_CLASS = YES_ERROR;
				CLANG_WARN_QUOTED_INCLUDE_IN_FRAMEWORK_HEADER = YES;
				CLANG_WARN_RANGE_LOOP_ANALYSIS = YES;
				CLANG_WARN_STRICT_PROTOTYPES = YES;
				CLANG_WARN_SUSPICIOUS_MOVE = YES;
				CODE_SIGN_STYLE = Automatic;
				COPY_PHASE_STRIP = NO;
				DEBUG_INFORMATION_FORMAT = "dwarf-with-dsym";
				ENABLE_NS_ASSERTIONS = NO;
				ENABLE_STRICT_OBJC_MSGSEND = YES;
				GCC_C_LANGUAGE_STANDARD = gnu17;
				GCC_NO_COMMON_BLOCKS = YES;
				GCC_WARN_64_TO_32_BIT_CONVERSION = YES;
				GCC_WARN_ABOUT_RETURN_TYPE = YES_ERROR;
				GCC_WARN_UNDECLARED_SELECTOR = YES;
				GCC_WARN_UNINITIALIZED_AUTOS = YES_AGGRESSIVE;
				GCC_WARN_UNUSED_FUNCTION = YES;
				GCC_WARN_UNUSED_VARIABLE = YES;
				MACOSX_DEPLOYMENT_TARGET = 14.0;
				IPHONEOS_DEPLOYMENT_TARGET = 17.0;
				MTL_ENABLE_DEBUG_INFO = NO;
				MTL_FAST_MATH = YES;
				SDKROOT = auto;
				SWIFT_COMPILATION_MODE = wholemodule;
			};
			name = Release;
		};
		010000000000000000000702 /* Debug */ = {
			isa = XCBuildConfiguration;
			buildSettings = {
				ASSETCATALOG_COMPILER_APPICON_NAME = AppIcon;
				ASSETCATALOG_COMPILER_INCLUDE_ALL_APPICON_ASSETS = YES;
				"CODE_SIGN_ENTITLEMENTS[sdk=iphoneos*]" = "QuiltLog/QuiltLog-iOS.entitlements";
				"CODE_SIGN_ENTITLEMENTS[sdk=iphonesimulator*]" = "QuiltLog/QuiltLog-iOS.entitlements";
				"CODE_SIGN_ENTITLEMENTS[sdk=macosx*]" = QuiltLog/QuiltLog.entitlements;
				CODE_SIGN_STYLE = Automatic;
				COMBINE_HIDPI_IMAGES = YES;
				CURRENT_PROJECT_VERSION = 21;
				DEVELOPMENT_TEAM = PM34H2JW88;
				ENABLE_HARDENED_RUNTIME = YES;
				ENABLE_PREVIEWS = YES;
				GENERATE_INFOPLIST_FILE = YES;
				"GENERATE_INFOPLIST_FILE[sdk=iphoneos*]" = NO;
				"GENERATE_INFOPLIST_FILE[sdk=iphonesimulator*]" = NO;
				"INFOPLIST_FILE[sdk=iphoneos*]" = "QuiltLog/QuiltLog-iOS-Info.plist";
				"INFOPLIST_FILE[sdk=iphonesimulator*]" = "QuiltLog/QuiltLog-iOS-Info.plist";
				INFOPLIST_KEY_CFBundleDisplayName = "Quilt Log";
				INFOPLIST_KEY_ITSAppUsesNonExemptEncryption = NO;
				INFOPLIST_KEY_LSApplicationCategoryType = "public.app-category.lifestyle";
				INFOPLIST_KEY_NSHumanReadableCopyright = "";
				INFOPLIST_KEY_UILaunchScreen_Generation = YES;
				INFOPLIST_KEY_UIBackgroundModes = "remote-notification";
				INFOPLIST_KEY_UISupportedInterfaceOrientations = "UIInterfaceOrientationPortrait UIInterfaceOrientationLandscapeLeft UIInterfaceOrientationLandscapeRight";
				INFOPLIST_KEY_UISupportedInterfaceOrientations_iPad = "UIInterfaceOrientationPortrait UIInterfaceOrientationPortraitUpsideDown UIInterfaceOrientationLandscapeLeft UIInterfaceOrientationLandscapeRight";
				IPHONEOS_DEPLOYMENT_TARGET = 17.0;
				LD_RUNPATH_SEARCH_PATHS = (
					"$(inherited)",
					"@executable_path/../Frameworks",
				);
				MARKETING_VERSION = 0.9.2;
				PRODUCT_BUNDLE_IDENTIFIER = com.erikoliver.quiltlog;
				PRODUCT_NAME = "$(TARGET_NAME)";
				SUPPORTED_PLATFORMS = "iphoneos iphonesimulator macosx";
				SWIFT_EMIT_LOC_STRINGS = YES;
				SWIFT_VERSION = 5.0;
				TARGETED_DEVICE_FAMILY = "1,2";
			};
			name = Debug;
		};
		010000000000000000000703 /* Release */ = {
			isa = XCBuildConfiguration;
			buildSettings = {
				ASSETCATALOG_COMPILER_APPICON_NAME = AppIcon;
				ASSETCATALOG_COMPILER_INCLUDE_ALL_APPICON_ASSETS = YES;
				"CODE_SIGN_ENTITLEMENTS[sdk=iphoneos*]" = "QuiltLog/QuiltLog-iOS.entitlements";
				"CODE_SIGN_ENTITLEMENTS[sdk=iphonesimulator*]" = "QuiltLog/QuiltLog-iOS.entitlements";
				"CODE_SIGN_ENTITLEMENTS[sdk=macosx*]" = QuiltLog/QuiltLog.entitlements;
				CODE_SIGN_STYLE = Automatic;
				COMBINE_HIDPI_IMAGES = YES;
				CURRENT_PROJECT_VERSION = 21;
				DEVELOPMENT_TEAM = PM34H2JW88;
				ENABLE_HARDENED_RUNTIME = YES;
				ENABLE_PREVIEWS = YES;
				GENERATE_INFOPLIST_FILE = YES;
				"GENERATE_INFOPLIST_FILE[sdk=iphoneos*]" = NO;
				"GENERATE_INFOPLIST_FILE[sdk=iphonesimulator*]" = NO;
				"INFOPLIST_FILE[sdk=iphoneos*]" = "QuiltLog/QuiltLog-iOS-Info.plist";
				"INFOPLIST_FILE[sdk=iphonesimulator*]" = "QuiltLog/QuiltLog-iOS-Info.plist";
				INFOPLIST_KEY_CFBundleDisplayName = "Quilt Log";
				INFOPLIST_KEY_ITSAppUsesNonExemptEncryption = NO;
				INFOPLIST_KEY_LSApplicationCategoryType = "public.app-category.lifestyle";
				INFOPLIST_KEY_NSHumanReadableCopyright = "";
				INFOPLIST_KEY_UILaunchScreen_Generation = YES;
				INFOPLIST_KEY_UIBackgroundModes = "remote-notification";
				INFOPLIST_KEY_UISupportedInterfaceOrientations = "UIInterfaceOrientationPortrait UIInterfaceOrientationLandscapeLeft UIInterfaceOrientationLandscapeRight";
				INFOPLIST_KEY_UISupportedInterfaceOrientations_iPad = "UIInterfaceOrientationPortrait UIInterfaceOrientationPortraitUpsideDown UIInterfaceOrientationLandscapeLeft UIInterfaceOrientationLandscapeRight";
				IPHONEOS_DEPLOYMENT_TARGET = 17.0;
				LD_RUNPATH_SEARCH_PATHS = (
					"$(inherited)",
					"@executable_path/../Frameworks",
				);
				MARKETING_VERSION = 0.9.2;
				PRODUCT_BUNDLE_IDENTIFIER = com.erikoliver.quiltlog;
				PRODUCT_NAME = "$(TARGET_NAME)";
				SUPPORTED_PLATFORMS = "iphoneos iphonesimulator macosx";
				SWIFT_EMIT_LOC_STRINGS = YES;
				SWIFT_VERSION = 5.0;
				TARGETED_DEVICE_FAMILY = "1,2";
			};
			name = Release;
		};
		010000000000000000000820 /* Debug */ = {
			isa = XCBuildConfiguration;
			buildSettings = {
				BUNDLE_LOADER = "$(TEST_HOST)";
				CODE_SIGN_STYLE = Automatic;
				COMBINE_HIDPI_IMAGES = YES;
				DEVELOPMENT_TEAM = PM34H2JW88;
				GENERATE_INFOPLIST_FILE = YES;
				IPHONEOS_DEPLOYMENT_TARGET = 17.0;
				LD_RUNPATH_SEARCH_PATHS = (
					"$(inherited)",
					"@executable_path/../Frameworks",
					"@loader_path/../Frameworks",
				);
				MACOSX_DEPLOYMENT_TARGET = 14.0;
				PRODUCT_BUNDLE_IDENTIFIER = com.erikoliver.quiltlog.tests;
				PRODUCT_NAME = "$(TARGET_NAME)";
				SUPPORTED_PLATFORMS = "iphoneos iphonesimulator macosx";
				SWIFT_VERSION = 5.0;
				TARGETED_DEVICE_FAMILY = "1,2";
				"TEST_HOST[sdk=iphoneos*]" = "$(BUILT_PRODUCTS_DIR)/QuiltLog.app/QuiltLog";
				"TEST_HOST[sdk=iphonesimulator*]" = "$(BUILT_PRODUCTS_DIR)/QuiltLog.app/QuiltLog";
				"TEST_HOST[sdk=macosx*]" = "$(BUILT_PRODUCTS_DIR)/QuiltLog.app/Contents/MacOS/QuiltLog";
			};
			name = Debug;
		};
		010000000000000000000821 /* Release */ = {
			isa = XCBuildConfiguration;
			buildSettings = {
				BUNDLE_LOADER = "$(TEST_HOST)";
				CODE_SIGN_STYLE = Automatic;
				COMBINE_HIDPI_IMAGES = YES;
				DEVELOPMENT_TEAM = PM34H2JW88;
				GENERATE_INFOPLIST_FILE = YES;
				IPHONEOS_DEPLOYMENT_TARGET = 17.0;
				LD_RUNPATH_SEARCH_PATHS = (
					"$(inherited)",
					"@executable_path/../Frameworks",
					"@loader_path/../Frameworks",
				);
				MACOSX_DEPLOYMENT_TARGET = 14.0;
				PRODUCT_BUNDLE_IDENTIFIER = com.erikoliver.quiltlog.tests;
				PRODUCT_NAME = "$(TARGET_NAME)";
				SUPPORTED_PLATFORMS = "iphoneos iphonesimulator macosx";
				SWIFT_VERSION = 5.0;
				TARGETED_DEVICE_FAMILY = "1,2";
				"TEST_HOST[sdk=iphoneos*]" = "$(BUILT_PRODUCTS_DIR)/QuiltLog.app/QuiltLog";
				"TEST_HOST[sdk=iphonesimulator*]" = "$(BUILT_PRODUCTS_DIR)/QuiltLog.app/QuiltLog";
				"TEST_HOST[sdk=macosx*]" = "$(BUILT_PRODUCTS_DIR)/QuiltLog.app/Contents/MacOS/QuiltLog";
			};
			name = Release;
		};
/* End XCBuildConfiguration section */

/* Begin XCConfigurationList section */
		010000000000000000000501 /* Build configuration list for PBXProject "QuiltLog" */ = {
			isa = XCConfigurationList;
			buildConfigurations = (
				010000000000000000000700 /* Debug */,
				010000000000000000000701 /* Release */,
			);
			defaultConfigurationIsVisible = 0;
			defaultConfigurationName = Release;
		};
		010000000000000000000600 /* Build configuration list for PBXNativeTarget "QuiltLog" */ = {
			isa = XCConfigurationList;
			buildConfigurations = (
				010000000000000000000702 /* Debug */,
				010000000000000000000703 /* Release */,
			);
			defaultConfigurationIsVisible = 0;
			defaultConfigurationName = Release;
		};
		010000000000000000000816 /* Build configuration list for PBXNativeTarget "QuiltLogTests" */ = {
			isa = XCConfigurationList;
			buildConfigurations = (
				010000000000000000000820 /* Debug */,
				010000000000000000000821 /* Release */,
			);
			defaultConfigurationIsVisible = 0;
			defaultConfigurationName = Release;
		};
/* End XCConfigurationList section */
	};
	rootObject = 010000000000000000000500 /* Project object */;
}
